
Microsoft Visual Studio Solution File, Format Version 12.00
# Visual Studio Version 17
VisualStudioVersion = 17.5.33402.96
MinimumVisualStudioVersion = 10.0.40219.1
Project("{FAE04EC0-301F-11D3-BF4B-00C04F79EFBC}") = "MillionandUpBackend01", "MillionandUpBackend01\MillionandUpBackend01.csproj", "{A6CD4752-A29B-4C58-9461-A93A68EB07FE}"
EndProject
Global
	GlobalSection(SolutionConfigurationPlatforms) = preSolution
		Debug|Any CPU = Debug|Any CPU
		Release|Any CPU = Release|Any CPU
	EndGlobalSection
	GlobalSection(ProjectConfigurationPlatforms) = postSolution
		{A6CD4752-A29B-4C58-9461-A93A68EB07FE}.Debug|Any CPU.ActiveCfg = Debug|Any CPU
		{A6CD4752-A29B-4C58-9461-A93A68EB07FE}.Debug|Any CPU.Build.0 = Debug|Any CPU
		{A6CD4752-A29B-4C58-9461-A93A68EB07FE}.Release|Any CPU.ActiveCfg = Release|Any CPU
		{A6CD4752-A29B-4C58-9461-A93A68EB07FE}.Release|Any CPU.Build.0 = Release|Any CPU
	EndGlobalSection
	GlobalSection(SolutionProperties) = preSolution
		HideSolutionNode = FALSE
	EndGlobalSection
	GlobalSection(ExtensibilityGlobals) = postSolution
		SolutionGuid = {B8D9CA79-4DBC-48EA-B4D6-C834102A9C8A}
	EndGlobalSection
EndGlobal
